
Microsoft Visual Studio Solution File, Format Version 12.00
# Visual Studio Version 16
VisualStudioVersion = 16.0.31005.135
MinimumVisualStudioVersion = 10.0.40219.1
Project("{FAE04EC0-301F-11D3-BF4B-00C04F79EFBC}") = "SetSave", "SetSave\SetSave.csproj", "{EA9BFCD2-7EAD-4798-AA54-FE3B90BC0957}"
EndProject
Project("{FAE04EC0-301F-11D3-BF4B-00C04F79EFBC}") = "SetSaveForm", "SetSaveForm\SetSaveForm.csproj", "{ABA43533-2FEE-41E6-A7D0-F99AD6472A92}"
EndProject
Project("{FAE04EC0-301F-11D3-BF4B-00C04F79EFBC}") = "DLLProject", "DLLProject\DLLProject.csproj", "{46F2CD44-8EDE-4D0A-8B54-99E095125E09}"
EndProject
Project("{FAE04EC0-301F-11D3-BF4B-00C04F79EFBC}") = "ClassLibrary", "ClassLibrary\ClassLibrary.csproj", "{07D40287-D526-47A8-8C5D-445475F7092B}"
EndProject
Project("{9A19103F-16F7-4668-BE54-9A1E7A4F7556}") = "TaskManager", "..\Lesson_06\TaskManager\TaskManager.csproj", "{19AA9484-CCEE-4D38-AC1F-1503A540FA38}"
EndProject
Global
	GlobalSection(SolutionConfigurationPlatforms) = preSolution
		Debug|Any CPU = Debug|Any CPU
		Release|Any CPU = Release|Any CPU
	EndGlobalSection
	GlobalSection(ProjectConfigurationPlatforms) = postSolution
		{EA9BFCD2-7EAD-4798-AA54-FE3B90BC0957}.Debug|Any CPU.ActiveCfg = Debug|Any CPU
		{EA9BFCD2-7EAD-4798-AA54-FE3B90BC0957}.Debug|Any CPU.Build.0 = Debug|Any CPU
		{EA9BFCD2-7EAD-4798-AA54-FE3B90BC0957}.Release|Any CPU.ActiveCfg = Release|Any CPU
		{EA9BFCD2-7EAD-4798-AA54-FE3B90BC0957}.Release|Any CPU.Build.0 = Release|Any CPU
		{ABA43533-2FEE-41E6-A7D0-F99AD6472A92}.Debug|Any CPU.ActiveCfg = Debug|Any CPU
		{ABA43533-2FEE-41E6-A7D0-F99AD6472A92}.Debug|Any CPU.Build.0 = Debug|Any CPU
		{ABA43533-2FEE-41E6-A7D0-F99AD6472A92}.Release|Any CPU.ActiveCfg = Release|Any CPU
		{ABA43533-2FEE-41E6-A7D0-F99AD6472A92}.Release|Any CPU.Build.0 = Release|Any CPU
		{46F2CD44-8EDE-4D0A-8B54-99E095125E09}.Debug|Any CPU.ActiveCfg = Debug|Any CPU
		{46F2CD44-8EDE-4D0A-8B54-99E095125E09}.Debug|Any CPU.Build.0 = Debug|Any CPU
		{46F2CD44-8EDE-4D0A-8B54-99E095125E09}.Release|Any CPU.ActiveCfg = Release|Any CPU
		{46F2CD44-8EDE-4D0A-8B54-99E095125E09}.Release|Any CPU.Build.0 = Release|Any CPU
		{07D40287-D526-47A8-8C5D-445475F7092B}.Debug|Any CPU.ActiveCfg = Debug|Any CPU
		{07D40287-D526-47A8-8C5D-445475F7092B}.Debug|Any CPU.Build.0 = Debug|Any CPU
		{07D40287-D526-47A8-8C5D-445475F7092B}.Release|Any CPU.ActiveCfg = Release|Any CPU
		{07D40287-D526-47A8-8C5D-445475F7092B}.Release|Any CPU.Build.0 = Release|Any CPU
		{19AA9484-CCEE-4D38-AC1F-1503A540FA38}.Debug|Any CPU.ActiveCfg = Debug|Any CPU
		{19AA9484-CCEE-4D38-AC1F-1503A540FA38}.Debug|Any CPU.Build.0 = Debug|Any CPU
		{19AA9484-CCEE-4D38-AC1F-1503A540FA38}.Release|Any CPU.ActiveCfg = Release|Any CPU
		{19AA9484-CCEE-4D38-AC1F-1503A540FA38}.Release|Any CPU.Build.0 = Release|Any CPU
	EndGlobalSection
	GlobalSection(SolutionProperties) = preSolution
		HideSolutionNode = FALSE
	EndGlobalSection
	GlobalSection(ExtensibilityGlobals) = postSolution
		SolutionGuid = {CBBF66EE-3600-4C3B-98FA-89FCDE01070A}
	EndGlobalSection
EndGlobal
