
Microsoft Visual Studio Solution File, Format Version 12.00
# Visual Studio Version 16
VisualStudioVersion = 16.0.31005.135
MinimumVisualStudioVersion = 10.0.40219.1
Project("{FAE04EC0-301F-11D3-BF4B-00C04F79EFBC}") = "ArrayDiagonal", "ArrayDiagonal\ArrayDiagonal.csproj", "{8EDC272E-85EE-4B3F-9866-054F347B70FF}"
EndProject
Project("{FAE04EC0-301F-11D3-BF4B-00C04F79EFBC}") = "PhoneDirectory", "PhoneDirectory\PhoneDirectory.csproj", "{5F24F811-A34D-4DD6-885E-B561CF4B5A0E}"
EndProject
Project("{FAE04EC0-301F-11D3-BF4B-00C04F79EFBC}") = "TextContrary", "TextContrary\TextContrary.csproj", "{62F9FD8A-2DBE-4406-8758-CE7894599D1A}"
EndProject
Project("{FAE04EC0-301F-11D3-BF4B-00C04F79EFBC}") = "SeaBattle", "SeaBattle\SeaBattle.csproj", "{B336D700-344F-4C95-A6A5-FB86F29088E0}"
EndProject
Global
	GlobalSection(SolutionConfigurationPlatforms) = preSolution
		Debug|Any CPU = Debug|Any CPU
		Release|Any CPU = Release|Any CPU
	EndGlobalSection
	GlobalSection(ProjectConfigurationPlatforms) = postSolution
		{8EDC272E-85EE-4B3F-9866-054F347B70FF}.Debug|Any CPU.ActiveCfg = Debug|Any CPU
		{8EDC272E-85EE-4B3F-9866-054F347B70FF}.Debug|Any CPU.Build.0 = Debug|Any CPU
		{8EDC272E-85EE-4B3F-9866-054F347B70FF}.Release|Any CPU.ActiveCfg = Release|Any CPU
		{8EDC272E-85EE-4B3F-9866-054F347B70FF}.Release|Any CPU.Build.0 = Release|Any CPU
		{5F24F811-A34D-4DD6-885E-B561CF4B5A0E}.Debug|Any CPU.ActiveCfg = Debug|Any CPU
		{5F24F811-A34D-4DD6-885E-B561CF4B5A0E}.Debug|Any CPU.Build.0 = Debug|Any CPU
		{5F24F811-A34D-4DD6-885E-B561CF4B5A0E}.Release|Any CPU.ActiveCfg = Release|Any CPU
		{5F24F811-A34D-4DD6-885E-B561CF4B5A0E}.Release|Any CPU.Build.0 = Release|Any CPU
		{62F9FD8A-2DBE-4406-8758-CE7894599D1A}.Debug|Any CPU.ActiveCfg = Debug|Any CPU
		{62F9FD8A-2DBE-4406-8758-CE7894599D1A}.Debug|Any CPU.Build.0 = Debug|Any CPU
		{62F9FD8A-2DBE-4406-8758-CE7894599D1A}.Release|Any CPU.ActiveCfg = Release|Any CPU
		{62F9FD8A-2DBE-4406-8758-CE7894599D1A}.Release|Any CPU.Build.0 = Release|Any CPU
		{B336D700-344F-4C95-A6A5-FB86F29088E0}.Debug|Any CPU.ActiveCfg = Debug|Any CPU
		{B336D700-344F-4C95-A6A5-FB86F29088E0}.Debug|Any CPU.Build.0 = Debug|Any CPU
		{B336D700-344F-4C95-A6A5-FB86F29088E0}.Release|Any CPU.ActiveCfg = Release|Any CPU
		{B336D700-344F-4C95-A6A5-FB86F29088E0}.Release|Any CPU.Build.0 = Release|Any CPU
	EndGlobalSection
	GlobalSection(SolutionProperties) = preSolution
		HideSolutionNode = FALSE
	EndGlobalSection
	GlobalSection(ExtensibilityGlobals) = postSolution
		SolutionGuid = {46313A59-94CA-4C3D-8849-8CF87FF909C1}
	EndGlobalSection
EndGlobal
