
Microsoft Visual Studio Solution File, Format Version 12.00
# Visual Studio Version 16
VisualStudioVersion = 16.0.31005.135
MinimumVisualStudioVersion = 10.0.40219.1
Project("{FAE04EC0-301F-11D3-BF4B-00C04F79EFBC}") = "ArrayDiagonal", "ArrayDiagonal\ArrayDiagonal.csproj", "{ADE0B0A7-7C21-46A2-93D2-560B32E029F0}"
EndProject
Project("{FAE04EC0-301F-11D3-BF4B-00C04F79EFBC}") = "PhoneDirectory", "PhoneDirectory\PhoneDirectory.csproj", "{3009EB81-C02D-4C09-8949-815202DFB445}"
EndProject
Project("{FAE04EC0-301F-11D3-BF4B-00C04F79EFBC}") = "TextContrary", "TextContrary\TextContrary.csproj", "{2C6F7F28-A4C6-42A2-9E98-0EF3C2698AE0}"
EndProject
Project("{FAE04EC0-301F-11D3-BF4B-00C04F79EFBC}") = "SeaBattle", "SeaBattle\SeaBattle.csproj", "{1062E4A6-E093-4D6F-BB63-5ED45D314454}"
EndProject
Global
	GlobalSection(SolutionConfigurationPlatforms) = preSolution
		Debug|Any CPU = Debug|Any CPU
		Release|Any CPU = Release|Any CPU
	EndGlobalSection
	GlobalSection(ProjectConfigurationPlatforms) = postSolution
		{ADE0B0A7-7C21-46A2-93D2-560B32E029F0}.Debug|Any CPU.ActiveCfg = Debug|Any CPU
		{ADE0B0A7-7C21-46A2-93D2-560B32E029F0}.Debug|Any CPU.Build.0 = Debug|Any CPU
		{ADE0B0A7-7C21-46A2-93D2-560B32E029F0}.Release|Any CPU.ActiveCfg = Release|Any CPU
		{ADE0B0A7-7C21-46A2-93D2-560B32E029F0}.Release|Any CPU.Build.0 = Release|Any CPU
		{3009EB81-C02D-4C09-8949-815202DFB445}.Debug|Any CPU.ActiveCfg = Debug|Any CPU
		{3009EB81-C02D-4C09-8949-815202DFB445}.Debug|Any CPU.Build.0 = Debug|Any CPU
		{3009EB81-C02D-4C09-8949-815202DFB445}.Release|Any CPU.ActiveCfg = Release|Any CPU
		{3009EB81-C02D-4C09-8949-815202DFB445}.Release|Any CPU.Build.0 = Release|Any CPU
		{2C6F7F28-A4C6-42A2-9E98-0EF3C2698AE0}.Debug|Any CPU.ActiveCfg = Debug|Any CPU
		{2C6F7F28-A4C6-42A2-9E98-0EF3C2698AE0}.Debug|Any CPU.Build.0 = Debug|Any CPU
		{2C6F7F28-A4C6-42A2-9E98-0EF3C2698AE0}.Release|Any CPU.ActiveCfg = Release|Any CPU
		{2C6F7F28-A4C6-42A2-9E98-0EF3C2698AE0}.Release|Any CPU.Build.0 = Release|Any CPU
		{1062E4A6-E093-4D6F-BB63-5ED45D314454}.Debug|Any CPU.ActiveCfg = Debug|Any CPU
		{1062E4A6-E093-4D6F-BB63-5ED45D314454}.Debug|Any CPU.Build.0 = Debug|Any CPU
		{1062E4A6-E093-4D6F-BB63-5ED45D314454}.Release|Any CPU.ActiveCfg = Release|Any CPU
		{1062E4A6-E093-4D6F-BB63-5ED45D314454}.Release|Any CPU.Build.0 = Release|Any CPU
	EndGlobalSection
	GlobalSection(SolutionProperties) = preSolution
		HideSolutionNode = FALSE
	EndGlobalSection
	GlobalSection(ExtensibilityGlobals) = postSolution
		SolutionGuid = {9BE9F18B-82D5-435F-B51C-38736D72E7A7}
	EndGlobalSection
EndGlobal
