
Microsoft Visual Studio Solution File, Format Version 12.00
# Visual Studio Version 16
VisualStudioVersion = 16.0.31005.135
MinimumVisualStudioVersion = 10.0.40219.1
Project("{9A19103F-16F7-4668-BE54-9A1E7A4F7556}") = "FullName", "FullName\FullName.csproj", "{EDB3E0EE-A2C7-4242-818C-45D592A8060D}"
EndProject
Project("{9A19103F-16F7-4668-BE54-9A1E7A4F7556}") = "NumberSum", "NumberSum\NumberSum.csproj", "{35E748FB-6A52-46F0-A967-261A2AE077B2}"
EndProject
Project("{FAE04EC0-301F-11D3-BF4B-00C04F79EFBC}") = "SeasonName", "SeasonName\SeasonName.csproj", "{F50D4DAC-F24F-4B5B-A9FE-90DA1DCECDAD}"
EndProject
Project("{FAE04EC0-301F-11D3-BF4B-00C04F79EFBC}") = "FibonacciNumber", "FibonacciNumber\FibonacciNumber.csproj", "{641C525A-FD36-4EBA-BFF0-1C27FE98B81C}"
EndProject
Global
	GlobalSection(SolutionConfigurationPlatforms) = preSolution
		Debug|Any CPU = Debug|Any CPU
		Release|Any CPU = Release|Any CPU
	EndGlobalSection
	GlobalSection(ProjectConfigurationPlatforms) = postSolution
		{EDB3E0EE-A2C7-4242-818C-45D592A8060D}.Debug|Any CPU.ActiveCfg = Debug|Any CPU
		{EDB3E0EE-A2C7-4242-818C-45D592A8060D}.Debug|Any CPU.Build.0 = Debug|Any CPU
		{EDB3E0EE-A2C7-4242-818C-45D592A8060D}.Release|Any CPU.ActiveCfg = Release|Any CPU
		{EDB3E0EE-A2C7-4242-818C-45D592A8060D}.Release|Any CPU.Build.0 = Release|Any CPU
		{35E748FB-6A52-46F0-A967-261A2AE077B2}.Debug|Any CPU.ActiveCfg = Debug|Any CPU
		{35E748FB-6A52-46F0-A967-261A2AE077B2}.Debug|Any CPU.Build.0 = Debug|Any CPU
		{35E748FB-6A52-46F0-A967-261A2AE077B2}.Release|Any CPU.ActiveCfg = Release|Any CPU
		{35E748FB-6A52-46F0-A967-261A2AE077B2}.Release|Any CPU.Build.0 = Release|Any CPU
		{F50D4DAC-F24F-4B5B-A9FE-90DA1DCECDAD}.Debug|Any CPU.ActiveCfg = Debug|Any CPU
		{F50D4DAC-F24F-4B5B-A9FE-90DA1DCECDAD}.Debug|Any CPU.Build.0 = Debug|Any CPU
		{F50D4DAC-F24F-4B5B-A9FE-90DA1DCECDAD}.Release|Any CPU.ActiveCfg = Release|Any CPU
		{F50D4DAC-F24F-4B5B-A9FE-90DA1DCECDAD}.Release|Any CPU.Build.0 = Release|Any CPU
		{641C525A-FD36-4EBA-BFF0-1C27FE98B81C}.Debug|Any CPU.ActiveCfg = Debug|Any CPU
		{641C525A-FD36-4EBA-BFF0-1C27FE98B81C}.Debug|Any CPU.Build.0 = Debug|Any CPU
		{641C525A-FD36-4EBA-BFF0-1C27FE98B81C}.Release|Any CPU.ActiveCfg = Release|Any CPU
		{641C525A-FD36-4EBA-BFF0-1C27FE98B81C}.Release|Any CPU.Build.0 = Release|Any CPU
	EndGlobalSection
	GlobalSection(SolutionProperties) = preSolution
		HideSolutionNode = FALSE
	EndGlobalSection
	GlobalSection(ExtensibilityGlobals) = postSolution
		SolutionGuid = {257091B2-15D6-4738-8D52-8B8E5362B095}
	EndGlobalSection
EndGlobal
