
Microsoft Visual Studio Solution File, Format Version 12.00
# Visual Studio Version 16
VisualStudioVersion = 16.0.31005.135
MinimumVisualStudioVersion = 10.0.40219.1
Project("{9A19103F-16F7-4668-BE54-9A1E7A4F7556}") = "RandomDataToText", "RandomDataToText\RandomDataToText.csproj", "{2022BE6F-DA22-4FFA-9D8A-F6F2152A0913}"
EndProject
Project("{9A19103F-16F7-4668-BE54-9A1E7A4F7556}") = "AppendCurrentTime", "AppendCurrentTime\AppendCurrentTime.csproj", "{3FFFC970-85F6-46F8-BFDD-6B69A8E204E2}"
EndProject
Project("{FAE04EC0-301F-11D3-BF4B-00C04F79EFBC}") = "RandomDataToBin", "RandomDataToBin\RandomDataToBin.csproj", "{59F0E326-8B12-4CC2-85B8-4CA6B18D7B3B}"
EndProject
Global
	GlobalSection(SolutionConfigurationPlatforms) = preSolution
		Debug|Any CPU = Debug|Any CPU
		Release|Any CPU = Release|Any CPU
	EndGlobalSection
	GlobalSection(ProjectConfigurationPlatforms) = postSolution
		{2022BE6F-DA22-4FFA-9D8A-F6F2152A0913}.Debug|Any CPU.ActiveCfg = Debug|Any CPU
		{2022BE6F-DA22-4FFA-9D8A-F6F2152A0913}.Debug|Any CPU.Build.0 = Debug|Any CPU
		{2022BE6F-DA22-4FFA-9D8A-F6F2152A0913}.Release|Any CPU.ActiveCfg = Release|Any CPU
		{2022BE6F-DA22-4FFA-9D8A-F6F2152A0913}.Release|Any CPU.Build.0 = Release|Any CPU
		{3FFFC970-85F6-46F8-BFDD-6B69A8E204E2}.Debug|Any CPU.ActiveCfg = Debug|Any CPU
		{3FFFC970-85F6-46F8-BFDD-6B69A8E204E2}.Debug|Any CPU.Build.0 = Debug|Any CPU
		{3FFFC970-85F6-46F8-BFDD-6B69A8E204E2}.Release|Any CPU.ActiveCfg = Release|Any CPU
		{3FFFC970-85F6-46F8-BFDD-6B69A8E204E2}.Release|Any CPU.Build.0 = Release|Any CPU
		{59F0E326-8B12-4CC2-85B8-4CA6B18D7B3B}.Debug|Any CPU.ActiveCfg = Debug|Any CPU
		{59F0E326-8B12-4CC2-85B8-4CA6B18D7B3B}.Debug|Any CPU.Build.0 = Debug|Any CPU
		{59F0E326-8B12-4CC2-85B8-4CA6B18D7B3B}.Release|Any CPU.ActiveCfg = Release|Any CPU
		{59F0E326-8B12-4CC2-85B8-4CA6B18D7B3B}.Release|Any CPU.Build.0 = Release|Any CPU
	EndGlobalSection
	GlobalSection(SolutionProperties) = preSolution
		HideSolutionNode = FALSE
	EndGlobalSection
	GlobalSection(ExtensibilityGlobals) = postSolution
		SolutionGuid = {183064EA-BDAF-4E44-95F8-F5B5EBD4D7FB}
	EndGlobalSection
EndGlobal
