
Microsoft Visual Studio Solution File, Format Version 12.00
# Visual Studio Version 16
VisualStudioVersion = 16.0.31005.135
MinimumVisualStudioVersion = 10.0.40219.1
Project("{9A19103F-16F7-4668-BE54-9A1E7A4F7556}") = "DirFile", "DirFile\DirFile.csproj", "{B7CAD788-5053-4497-A008-BE58B5A5A911}"
EndProject
Project("{9A19103F-16F7-4668-BE54-9A1E7A4F7556}") = "TaskManager", "TaskManager\TaskManager.csproj", "{DEB71F0E-D5CF-4723-82EC-75007B75D806}"
EndProject
Project("{9A19103F-16F7-4668-BE54-9A1E7A4F7556}") = "ToDoList", "ToDoList\ToDoList.csproj", "{FD272A35-7E4C-4BBD-9471-0926AB9F7EF8}"
EndProject
Project("{9A19103F-16F7-4668-BE54-9A1E7A4F7556}") = "ArrayQuadro", "ArrayQuadro\ArrayQuadro.csproj", "{BD8F67A8-691D-4B72-9189-55CFFEE30749}"
EndProject
Project("{FAE04EC0-301F-11D3-BF4B-00C04F79EFBC}") = "Staffer", "Staffer\Staffer.csproj", "{A953EDC1-876C-458D-BC64-5CF870D63B99}"
EndProject
Global
	GlobalSection(SolutionConfigurationPlatforms) = preSolution
		Debug|Any CPU = Debug|Any CPU
		Release|Any CPU = Release|Any CPU
	EndGlobalSection
	GlobalSection(ProjectConfigurationPlatforms) = postSolution
		{B7CAD788-5053-4497-A008-BE58B5A5A911}.Debug|Any CPU.ActiveCfg = Debug|Any CPU
		{B7CAD788-5053-4497-A008-BE58B5A5A911}.Debug|Any CPU.Build.0 = Debug|Any CPU
		{B7CAD788-5053-4497-A008-BE58B5A5A911}.Release|Any CPU.ActiveCfg = Release|Any CPU
		{B7CAD788-5053-4497-A008-BE58B5A5A911}.Release|Any CPU.Build.0 = Release|Any CPU
		{DEB71F0E-D5CF-4723-82EC-75007B75D806}.Debug|Any CPU.ActiveCfg = Debug|Any CPU
		{DEB71F0E-D5CF-4723-82EC-75007B75D806}.Debug|Any CPU.Build.0 = Debug|Any CPU
		{DEB71F0E-D5CF-4723-82EC-75007B75D806}.Release|Any CPU.ActiveCfg = Release|Any CPU
		{DEB71F0E-D5CF-4723-82EC-75007B75D806}.Release|Any CPU.Build.0 = Release|Any CPU
		{FD272A35-7E4C-4BBD-9471-0926AB9F7EF8}.Debug|Any CPU.ActiveCfg = Debug|Any CPU
		{FD272A35-7E4C-4BBD-9471-0926AB9F7EF8}.Debug|Any CPU.Build.0 = Debug|Any CPU
		{FD272A35-7E4C-4BBD-9471-0926AB9F7EF8}.Release|Any CPU.ActiveCfg = Release|Any CPU
		{FD272A35-7E4C-4BBD-9471-0926AB9F7EF8}.Release|Any CPU.Build.0 = Release|Any CPU
		{BD8F67A8-691D-4B72-9189-55CFFEE30749}.Debug|Any CPU.ActiveCfg = Debug|Any CPU
		{BD8F67A8-691D-4B72-9189-55CFFEE30749}.Debug|Any CPU.Build.0 = Debug|Any CPU
		{BD8F67A8-691D-4B72-9189-55CFFEE30749}.Release|Any CPU.ActiveCfg = Release|Any CPU
		{BD8F67A8-691D-4B72-9189-55CFFEE30749}.Release|Any CPU.Build.0 = Release|Any CPU
		{A953EDC1-876C-458D-BC64-5CF870D63B99}.Debug|Any CPU.ActiveCfg = Debug|Any CPU
		{A953EDC1-876C-458D-BC64-5CF870D63B99}.Debug|Any CPU.Build.0 = Debug|Any CPU
		{A953EDC1-876C-458D-BC64-5CF870D63B99}.Release|Any CPU.ActiveCfg = Release|Any CPU
		{A953EDC1-876C-458D-BC64-5CF870D63B99}.Release|Any CPU.Build.0 = Release|Any CPU
	EndGlobalSection
	GlobalSection(SolutionProperties) = preSolution
		HideSolutionNode = FALSE
	EndGlobalSection
	GlobalSection(ExtensibilityGlobals) = postSolution
		SolutionGuid = {C44C90EF-7309-44A3-8FC6-30CBD1CD8A21}
	EndGlobalSection
EndGlobal
